{
    "_readme": [
        "This file locks the dependencies of your project to a known state",
        "Read more about it at https://getcomposer.org/doc/01-basic-usage.md#installing-dependencies",
        "This file is @generated automatically"
    ],
    "content-hash": "aa17486637c0f3bde66fa0729af59f81",
    "packages": [
        {
            "name": "spip/ecrire",
            "version": "dev-master",
            "source": {
                "type": "git",
                "url": "https://github.com/spipremix/ecrire.git",
                "reference": "82116854536d50b9cf3bd840ed60b0f0b7e10391"
            },
            "dist": {
                "type": "zip",
                "url": "https://api.github.com/repos/spipremix/ecrire/zipball/82116854536d50b9cf3bd840ed60b0f0b7e10391",
                "reference": "82116854536d50b9cf3bd840ed60b0f0b7e10391",
                "shasum": ""
            },
            "type": "spip-ecrire",
            "extra": {
                "branch-alias": {
                    "dev-master": "3.3.x-dev"
                }
            },
            "notification-url": "https://packagist.org/downloads/",
            "license": [
                "GPL-3.0-or-later"
            ],
            "authors": [
                {
                    "name": "Arnaud Martin",
                    "email": "arno@rezo.net"
                },
                {
                    "name": "Antoine Pitrou",
                    "email": "antoine@pitrou.net"
                },
                {
                    "name": "Philippe Rivière",
                    "email": "fil@rezo.net"
                },
                {
                    "name": "Emmanuel Saint-James",
                    "email": "esj@rezo.net"
                }
            ],
            "time": "2019-05-08T18:11:35+00:00"
        },
        {
            "name": "spip/prive",
            "version": "dev-master",
            "source": {
                "type": "git",
                "url": "https://github.com/spipremix/prive.git",
                "reference": "1bd469fbc4368ef18386f1366c4055c637f0f519"
            },
            "dist": {
                "type": "zip",
                "url": "https://api.github.com/repos/spipremix/prive/zipball/1bd469fbc4368ef18386f1366c4055c637f0f519",
                "reference": "1bd469fbc4368ef18386f1366c4055c637f0f519",
                "shasum": ""
            },
            "type": "spip-prive",
            "extra": {
                "branch-alias": {
                    "dev-master": "3.3.x-dev"
                }
            },
            "notification-url": "https://packagist.org/downloads/",
            "license": [
                "GPL-3.0-or-later"
            ],
            "authors": [
                {
                    "name": "Arnaud Martin",
                    "email": "arno@rezo.net"
                },
                {
                    "name": "Antoine Pitrou",
                    "email": "antoine@pitrou.net"
                },
                {
                    "name": "Philippe Rivière",
                    "email": "fil@rezo.net"
                },
                {
                    "name": "Emmanuel Saint-James",
                    "email": "esj@rezo.net"
                }
            ],
            "time": "2019-05-08T18:05:20+00:00"
        }
    ],
    "packages-dev": [],
    "aliases": [],
    "minimum-stability": "dev",
    "stability-flags": {
        "spip/prive": 20,
        "spip/ecrire": 20
    },
    "prefer-stable": false,
    "prefer-lowest": false,
    "platform": [],
    "platform-dev": []
}
