{
    "_readme": [
        "This file locks the dependencies of your project to a known state",
        "Read more about it at https://getcomposer.org/doc/01-basic-usage.md#installing-dependencies",
        "This file is @generated automatically"
    ],
    "content-hash": "aa17486637c0f3bde66fa0729af59f81",
    "packages": [
        {
            "name": "spip/ecrire",
            "version": "dev-master",
            "source": {
                "type": "git",
                "url": "https://github.com/spipremix/ecrire.git",
                "reference": "4860b0c872f30b8acb50e5b75ec527d359006997"
            },
            "dist": {
                "type": "zip",
                "url": "https://api.github.com/repos/spipremix/ecrire/zipball/4860b0c872f30b8acb50e5b75ec527d359006997",
                "reference": "4860b0c872f30b8acb50e5b75ec527d359006997",
                "shasum": ""
            },
            "type": "spip-ecrire",
            "extra": {
                "branch-alias": {
                    "dev-master": "3.3.x-dev"
                }
            },
            "notification-url": "https://packagist.org/downloads/",
            "license": [
                "GPL-3.0-or-later"
            ],
            "authors": [
                {
                    "name": "Arnaud Martin",
                    "email": "arno@rezo.net"
                },
                {
                    "name": "Antoine Pitrou",
                    "email": "antoine@pitrou.net"
                },
                {
                    "name": "Philippe Rivière",
                    "email": "fil@rezo.net"
                },
                {
                    "name": "Emmanuel Saint-James",
                    "email": "esj@rezo.net"
                }
            ],
            "time": "2019-02-06T18:41:24+00:00"
        },
        {
            "name": "spip/prive",
            "version": "dev-master",
            "source": {
                "type": "git",
                "url": "https://github.com/spipremix/prive.git",
                "reference": "ceb860994d3b3485abaa7b0e9c4d62af6444f395"
            },
            "dist": {
                "type": "zip",
                "url": "https://api.github.com/repos/spipremix/prive/zipball/ceb860994d3b3485abaa7b0e9c4d62af6444f395",
                "reference": "ceb860994d3b3485abaa7b0e9c4d62af6444f395",
                "shasum": ""
            },
            "type": "spip-prive",
            "extra": {
                "branch-alias": {
                    "dev-master": "3.3.x-dev"
                }
            },
            "notification-url": "https://packagist.org/downloads/",
            "license": [
                "GPL-3.0-or-later"
            ],
            "authors": [
                {
                    "name": "Arnaud Martin",
                    "email": "arno@rezo.net"
                },
                {
                    "name": "Antoine Pitrou",
                    "email": "antoine@pitrou.net"
                },
                {
                    "name": "Philippe Rivière",
                    "email": "fil@rezo.net"
                },
                {
                    "name": "Emmanuel Saint-James",
                    "email": "esj@rezo.net"
                }
            ],
            "time": "2019-02-06T18:30:24+00:00"
        }
    ],
    "packages-dev": [],
    "aliases": [],
    "minimum-stability": "dev",
    "stability-flags": {
        "spip/prive": 20,
        "spip/ecrire": 20
    },
    "prefer-stable": false,
    "prefer-lowest": false,
    "platform": [],
    "platform-dev": []
}
