{
    "_readme": [
        "This file locks the dependencies of your project to a known state",
        "Read more about it at https://getcomposer.org/doc/01-basic-usage.md#installing-dependencies",
        "This file is @generated automatically"
    ],
    "content-hash": "6926c8aff8837cd86f665b4e548355db",
    "packages": [
        {
            "name": "spip/ecrire",
            "version": "3.2.4",
            "source": {
                "type": "git",
                "url": "https://github.com/spipremix/ecrire.git",
                "reference": "9cbef037650325d9c7c6c3101807017aee35ed43"
            },
            "dist": {
                "type": "zip",
                "url": "https://api.github.com/repos/spipremix/ecrire/zipball/9cbef037650325d9c7c6c3101807017aee35ed43",
                "reference": "9cbef037650325d9c7c6c3101807017aee35ed43",
                "shasum": ""
            },
            "type": "spip-ecrire",
            "notification-url": "https://packagist.org/downloads/",
            "license": [
                "GPL-3.0-or-later"
            ],
            "authors": [
                {
                    "name": "Arnaud Martin",
                    "email": "arno@rezo.net"
                },
                {
                    "name": "Antoine Pitrou",
                    "email": "antoine@pitrou.net"
                },
                {
                    "name": "Philippe Rivière",
                    "email": "fil@rezo.net"
                },
                {
                    "name": "Emmanuel Saint-James",
                    "email": "esj@rezo.net"
                }
            ],
            "time": "2019-02-06T18:41:24+00:00"
        },
        {
            "name": "spip/prive",
            "version": "3.2.4",
            "source": {
                "type": "git",
                "url": "https://github.com/spipremix/prive.git",
                "reference": "65264dbce61a9f6a4494027ec27501f67880b9dd"
            },
            "dist": {
                "type": "zip",
                "url": "https://api.github.com/repos/spipremix/prive/zipball/65264dbce61a9f6a4494027ec27501f67880b9dd",
                "reference": "65264dbce61a9f6a4494027ec27501f67880b9dd",
                "shasum": ""
            },
            "type": "spip-prive",
            "notification-url": "https://packagist.org/downloads/",
            "license": [
                "GPL-3.0-or-later"
            ],
            "authors": [
                {
                    "name": "Arnaud Martin",
                    "email": "arno@rezo.net"
                },
                {
                    "name": "Antoine Pitrou",
                    "email": "antoine@pitrou.net"
                },
                {
                    "name": "Philippe Rivière",
                    "email": "fil@rezo.net"
                },
                {
                    "name": "Emmanuel Saint-James",
                    "email": "esj@rezo.net"
                }
            ],
            "time": "2019-02-06T18:30:24+00:00"
        }
    ],
    "packages-dev": [],
    "aliases": [],
    "minimum-stability": "stable",
    "stability-flags": [],
    "prefer-stable": false,
    "prefer-lowest": false,
    "platform": [],
    "platform-dev": []
}
